// !$*UTF8*$!
{
	archiveVersion = 1;
	classes = {
	};
	objectVersion = 56;
	objects = {

/* Begin PBXBuildFile section */
		9123AB022D61651800E026E0 /* TimerWorkout.swift in Sources */ = {isa = PBXBuildFile; fileRef = 9123AB012D61651800E026E0 /* TimerWorkout.swift */; };
		9146D9BE2D4203ED00009FE9 /* CueTimerApp.swift in Sources */ = {isa = PBXBuildFile; fileRef = 9146D9BD2D4203ED00009FE9 /* CueTimerApp.swift */; };
		9146D9C22D4203EF00009FE9 /* Assets.xcassets in Resources */ = {isa = PBXBuildFile; fileRef = 9146D9C12D4203EF00009FE9 /* Assets.xcassets */; };
		9146D9C52D4203EF00009FE9 /* Preview Assets.xcassets in Resources */ = {isa = PBXBuildFile; fileRef = 9146D9C42D4203EF00009FE9 /* Preview Assets.xcassets */; };
		9146D9E62D42CC0500009FE9 /* BoxStyle.swift in Sources */ = {isa = PBXBuildFile; fileRef = 9146D9E52D42CC0500009FE9 /* BoxStyle.swift */; };
		9146D9EA2D4406E300009FE9 /* HomepageView.swift in Sources */ = {isa = PBXBuildFile; fileRef = 9146D9E92D4406E300009FE9 /* HomepageView.swift */; };
		9146D9EC2D482B0200009FE9 /* CueEntryView.swift in Sources */ = {isa = PBXBuildFile; fileRef = 9146D9EB2D482B0100009FE9 /* CueEntryView.swift */; };
		9146D9EE2D482B1E00009FE9 /* TimerEntryView.swift in Sources */ = {isa = PBXBuildFile; fileRef = 9146D9ED2D482B1E00009FE9 /* TimerEntryView.swift */; };
		916C24172D5D69F30015D4AB /* CueWorkout.swift in Sources */ = {isa = PBXBuildFile; fileRef = 916C24162D5D69F30015D4AB /* CueWorkout.swift */; };
		916C241B2D5F1C7C0015D4AB /* Entries.swift in Sources */ = {isa = PBXBuildFile; fileRef = 916C241A2D5F1C7C0015D4AB /* Entries.swift */; };
		91853D892D4D7E4400E619D3 /* CueWorkoutView.swift in Sources */ = {isa = PBXBuildFile; fileRef = 91853D882D4D7E4400E619D3 /* CueWorkoutView.swift */; };
		91853D8B2D4D7E6C00E619D3 /* CueTimerView.swift in Sources */ = {isa = PBXBuildFile; fileRef = 91853D8A2D4D7E6C00E619D3 /* CueTimerView.swift */; };
		918E329B2D5A97D9006828EB /* ResponsiveView.swift in Sources */ = {isa = PBXBuildFile; fileRef = 918E329A2D5A97D9006828EB /* ResponsiveView.swift */; };
/* End PBXBuildFile section */

/* Begin PBXFileReference section */
		9123AB012D61651800E026E0 /* TimerWorkout.swift */ = {isa = PBXFileReference; lastKnownFileType = sourcecode.swift; path = TimerWorkout.swift; sourceTree = "<group>"; };
		9146D9BA2D4203ED00009FE9 /* CueTimer.app */ = {isa = PBXFileReference; explicitFileType = wrapper.application; includeInIndex = 0; path = CueTimer.app; sourceTree = BUILT_PRODUCTS_DIR; };
		9146D9BD2D4203ED00009FE9 /* CueTimerApp.swift */ = {isa = PBXFileReference; lastKnownFileType = sourcecode.swift; path = CueTimerApp.swift; sourceTree = "<group>"; };
		9146D9C12D4203EF00009FE9 /* Assets.xcassets */ = {isa = PBXFileReference; lastKnownFileType = folder.assetcatalog; path = Assets.xcassets; sourceTree = "<group>"; };
		9146D9C42D4203EF00009FE9 /* Preview Assets.xcassets */ = {isa = PBXFileReference; lastKnownFileType = folder.assetcatalog; path = "Preview Assets.xcassets"; sourceTree = "<group>"; };
		9146D9E52D42CC0500009FE9 /* BoxStyle.swift */ = {isa = PBXFileReference; lastKnownFileType = sourcecode.swift; path = BoxStyle.swift; sourceTree = "<group>"; };
		9146D9E92D4406E300009FE9 /* HomepageView.swift */ = {isa = PBXFileReference; lastKnownFileType = sourcecode.swift; path = HomepageView.swift; sourceTree = "<group>"; };
		9146D9EB2D482B0100009FE9 /* CueEntryView.swift */ = {isa = PBXFileReference; lastKnownFileType = sourcecode.swift; path = CueEntryView.swift; sourceTree = "<group>"; };
		9146D9ED2D482B1E00009FE9 /* TimerEntryView.swift */ = {isa = PBXFileReference; lastKnownFileType = sourcecode.swift; path = TimerEntryView.swift; sourceTree = "<group>"; };
		916C24162D5D69F30015D4AB /* CueWorkout.swift */ = {isa = PBXFileReference; lastKnownFileType = sourcecode.swift; path = CueWorkout.swift; sourceTree = "<group>"; };
		916C241A2D5F1C7C0015D4AB /* Entries.swift */ = {isa = PBXFileReference; lastKnownFileType = sourcecode.swift; path = Entries.swift; sourceTree = "<group>"; };
		91853D882D4D7E4400E619D3 /* CueWorkoutView.swift */ = {isa = PBXFileReference; lastKnownFileType = sourcecode.swift; path = CueWorkoutView.swift; sourceTree = "<group>"; };
		91853D8A2D4D7E6C00E619D3 /* CueTimerView.swift */ = {isa = PBXFileReference; lastKnownFileType = sourcecode.swift; path = CueTimerView.swift; sourceTree = "<group>"; };
		918E329A2D5A97D9006828EB /* ResponsiveView.swift */ = {isa = PBXFileReference; lastKnownFileType = sourcecode.swift; path = ResponsiveView.swift; sourceTree = "<group>"; };
/* End PBXFileReference section */

/* Begin PBXFrameworksBuildPhase section */
		9146D9B72D4203ED00009FE9 /* Frameworks */ = {
			isa = PBXFrameworksBuildPhase;
			buildActionMask = 2147483647;
			files = (
			);
			runOnlyForDeploymentPostprocessing = 0;
		};
/* End PBXFrameworksBuildPhase section */

/* Begin PBXGroup section */
		9146D9B12D4203ED00009FE9 = {
			isa = PBXGroup;
			children = (
				9146D9BC2D4203ED00009FE9 /* CueTimer */,
				9146D9BB2D4203ED00009FE9 /* Products */,
			);
			sourceTree = "<group>";
		};
		9146D9BB2D4203ED00009FE9 /* Products */ = {
			isa = PBXGroup;
			children = (
				9146D9BA2D4203ED00009FE9 /* CueTimer.app */,
			);
			name = Products;
			sourceTree = "<group>";
		};
		9146D9BC2D4203ED00009FE9 /* CueTimer */ = {
			isa = PBXGroup;
			children = (
				9146D9BD2D4203ED00009FE9 /* CueTimerApp.swift */,
				9146D9E92D4406E300009FE9 /* HomepageView.swift */,
				918E329A2D5A97D9006828EB /* ResponsiveView.swift */,
				9146D9EB2D482B0100009FE9 /* CueEntryView.swift */,
				9146D9ED2D482B1E00009FE9 /* TimerEntryView.swift */,
				91853D882D4D7E4400E619D3 /* CueWorkoutView.swift */,
				91853D8A2D4D7E6C00E619D3 /* CueTimerView.swift */,
				916C241A2D5F1C7C0015D4AB /* Entries.swift */,
				916C24162D5D69F30015D4AB /* CueWorkout.swift */,
				9123AB012D61651800E026E0 /* TimerWorkout.swift */,
				9146D9E52D42CC0500009FE9 /* BoxStyle.swift */,
				9146D9C12D4203EF00009FE9 /* Assets.xcassets */,
				9146D9C32D4203EF00009FE9 /* Preview Content */,
			);
			path = CueTimer;
			sourceTree = "<group>";
		};
		9146D9C32D4203EF00009FE9 /* Preview Content */ = {
			isa = PBXGroup;
			children = (
				9146D9C42D4203EF00009FE9 /* Preview Assets.xcassets */,
			);
			path = "Preview Content";
			sourceTree = "<group>";
		};
/* End PBXGroup section */

/* Begin PBXNativeTarget section */
		9146D9B92D4203ED00009FE9 /* CueTimer */ = {
			isa = PBXNativeTarget;
			buildConfigurationList = 9146D9C82D4203EF00009FE9 /* Build configuration list for PBXNativeTarget "CueTimer" */;
			buildPhases = (
				9146D9B62D4203ED00009FE9 /* Sources */,
				9146D9B72D4203ED00009FE9 /* Frameworks */,
				9146D9B82D4203ED00009FE9 /* Resources */,
			);
			buildRules = (
			);
			dependencies = (
			);
			name = CueTimer;
			productName = CueTimer;
			productReference = 9146D9BA2D4203ED00009FE9 /* CueTimer.app */;
			productType = "com.apple.product-type.application";
		};
/* End PBXNativeTarget section */

/* Begin PBXProject section */
		9146D9B22D4203ED00009FE9 /* Project object */ = {
			isa = PBXProject;
			attributes = {
				BuildIndependentTargetsInParallel = 1;
				LastSwiftUpdateCheck = 1540;
				LastUpgradeCheck = 1540;
				TargetAttributes = {
					9146D9B92D4203ED00009FE9 = {
						CreatedOnToolsVersion = 15.4;
					};
				};
			};
			buildConfigurationList = 9146D9B52D4203ED00009FE9 /* Build configuration list for PBXProject "CueTimer" */;
			compatibilityVersion = "Xcode 14.0";
			developmentRegion = en;
			hasScannedForEncodings = 0;
			knownRegions = (
				en,
				Base,
			);
			mainGroup = 9146D9B12D4203ED00009FE9;
			productRefGroup = 9146D9BB2D4203ED00009FE9 /* Products */;
			projectDirPath = "";
			projectRoot = "";
			targets = (
				9146D9B92D4203ED00009FE9 /* CueTimer */,
			);
		};
/* End PBXProject section */

/* Begin PBXResourcesBuildPhase section */
		9146D9B82D4203ED00009FE9 /* Resources */ = {
			isa = PBXResourcesBuildPhase;
			buildActionMask = 2147483647;
			files = (
				9146D9C52D4203EF00009FE9 /* Preview Assets.xcassets in Resources */,
				9146D9C22D4203EF00009FE9 /* Assets.xcassets in Resources */,
			);
			runOnlyForDeploymentPostprocessing = 0;
		};
/* End PBXResourcesBuildPhase section */

/* Begin PBXSourcesBuildPhase section */
		9146D9B62D4203ED00009FE9 /* Sources */ = {
			isa = PBXSourcesBuildPhase;
			buildActionMask = 2147483647;
			files = (
				9146D9EC2D482B0200009FE9 /* CueEntryView.swift in Sources */,
				91853D892D4D7E4400E619D3 /* CueWorkoutView.swift in Sources */,
				918E329B2D5A97D9006828EB /* ResponsiveView.swift in Sources */,
				9146D9EE2D482B1E00009FE9 /* TimerEntryView.swift in Sources */,
				916C24172D5D69F30015D4AB /* CueWorkout.swift in Sources */,
				9146D9E62D42CC0500009FE9 /* BoxStyle.swift in Sources */,
				916C241B2D5F1C7C0015D4AB /* Entries.swift in Sources */,
				9146D9EA2D4406E300009FE9 /* HomepageView.swift in Sources */,
				9123AB022D61651800E026E0 /* TimerWorkout.swift in Sources */,
				91853D8B2D4D7E6C00E619D3 /* CueTimerView.swift in Sources */,
				9146D9BE2D4203ED00009FE9 /* CueTimerApp.swift in Sources */,
			);
			runOnlyForDeploymentPostprocessing = 0;
		};
/* End PBXSourcesBuildPhase section */

/* Begin XCBuildConfiguration section */
		9146D9C62D4203EF00009FE9 /* Debug */ = {
			isa = XCBuildConfiguration;
			buildSettings = {
				ALWAYS_SEARCH_USER_PATHS = NO;
				ASSETCATALOG_COMPILER_GENERATE_SWIFT_ASSET_SYMBOL_EXTENSIONS = YES;
				CLANG_ANALYZER_NONNULL = YES;
				CLANG_ANALYZER_NUMBER_OBJECT_CONVERSION = YES_AGGRESSIVE;
				CLANG_CXX_LANGUAGE_STANDARD = "gnu++20";
				CLANG_ENABLE_MODULES = YES;
				CLANG_ENABLE_OBJC_ARC = YES;
				CLANG_ENABLE_OBJC_WEAK = YES;
				CLANG_WARN_BLOCK_CAPTURE_AUTORELEASING = YES;
				CLANG_WARN_BOOL_CONVERSION = YES;
				CLANG_WARN_COMMA = YES;
				CLANG_WARN_CONSTANT_CONVERSION = YES;
				CLANG_WARN_DEPRECATED_OBJC_IMPLEMENTATIONS = YES;
				CLANG_WARN_DIRECT_OBJC_ISA_USAGE = YES_ERROR;
				CLANG_WARN_DOCUMENTATION_COMMENTS = YES;
				CLANG_WARN_EMPTY_BODY = YES;
				CLANG_WARN_ENUM_CONVERSION = YES;
				CLANG_WARN_INFINITE_RECURSION = YES;
				CLANG_WARN_INT_CONVERSION = YES;
				CLANG_WARN_NON_LITERAL_NULL_CONVERSION = YES;
				CLANG_WARN_OBJC_IMPLICIT_RETAIN_SELF = YES;
				CLANG_WARN_OBJC_LITERAL_CONVERSION = YES;
				CLANG_WARN_OBJC_ROOT_CLASS = YES_ERROR;
				CLANG_WARN_QUOTED_INCLUDE_IN_FRAMEWORK_HEADER = YES;
				CLANG_WARN_RANGE_LOOP_ANALYSIS = YES;
				CLANG_WARN_STRICT_PROTOTYPES = YES;
				CLANG_WARN_SUSPICIOUS_MOVE = YES;
				CLANG_WARN_UNGUARDED_AVAILABILITY = YES_AGGRESSIVE;
				CLANG_WARN_UNREACHABLE_CODE = YES;
				CLANG_WARN__DUPLICATE_METHOD_MATCH = YES;
				COPY_PHASE_STRIP = NO;
				DEBUG_INFORMATION_FORMAT = dwarf;
				ENABLE_STRICT_OBJC_MSGSEND = YES;
				ENABLE_TESTABILITY = YES;
				ENABLE_USER_SCRIPT_SANDBOXING = YES;
				GCC_C_LANGUAGE_STANDARD = gnu17;
				GCC_DYNAMIC_NO_PIC = NO;
				GCC_NO_COMMON_BLOCKS = YES;
				GCC_OPTIMIZATION_LEVEL = 0;
				GCC_PREPROCESSOR_DEFINITIONS = (
					"DEBUG=1",
					"$(inherited)",
				);
				GCC_WARN_64_TO_32_BIT_CONVERSION = YES;
				GCC_WARN_ABOUT_RETURN_TYPE = YES_ERROR;
				GCC_WARN_UNDECLARED_SELECTOR = YES;
				GCC_WARN_UNINITIALIZED_AUTOS = YES_AGGRESSIVE;
				GCC_WARN_UNUSED_FUNCTION = YES;
				GCC_WARN_UNUSED_VARIABLE = YES;
				IPHONEOS_DEPLOYMENT_TARGET = 17.5;
				LOCALIZATION_PREFERS_STRING_CATALOGS = YES;
				MTL_ENABLE_DEBUG_INFO = INCLUDE_SOURCE;
				MTL_FAST_MATH = YES;
				ONLY_ACTIVE_ARCH = YES;
				SDKROOT = iphoneos;
				SWIFT_ACTIVE_COMPILATION_CONDITIONS = "DEBUG $(inherited)";
				SWIFT_OPTIMIZATION_LEVEL = "-Onone";
			};
			name = Debug;
		};
		9146D9C72D4203EF00009FE9 /* Release */ = {
			isa = XCBuildConfiguration;
			buildSettings = {
				ALWAYS_SEARCH_USER_PATHS = NO;
				ASSETCATALOG_COMPILER_GENERATE_SWIFT_ASSET_SYMBOL_EXTENSIONS = YES;
				CLANG_ANALYZER_NONNULL = YES;
				CLANG_ANALYZER_NUMBER_OBJECT_CONVERSION = YES_AGGRESSIVE;
				CLANG_CXX_LANGUAGE_STANDARD = "gnu++20";
				CLANG_ENABLE_MODULES = YES;
				CLANG_ENABLE_OBJC_ARC = YES;
				CLANG_ENABLE_OBJC_WEAK = YES;
				CLANG_WARN_BLOCK_CAPTURE_AUTORELEASING = YES;
				CLANG_WARN_BOOL_CONVERSION = YES;
				CLANG_WARN_COMMA = YES;
				CLANG_WARN_CONSTANT_CONVERSION = YES;
				CLANG_WARN_DEPRECATED_OBJC_IMPLEMENTATIONS = YES;
				CLANG_WARN_DIRECT_OBJC_ISA_USAGE = YES_ERROR;
				CLANG_WARN_DOCUMENTATION_COMMENTS = YES;
				CLANG_WARN_EMPTY_BODY = YES;
				CLANG_WARN_ENUM_CONVERSION = YES;
				CLANG_WARN_INFINITE_RECURSION = YES;
				CLANG_WARN_INT_CONVERSION = YES;
				CLANG_WARN_NON_LITERAL_NULL_CONVERSION = YES;
				CLANG_WARN_OBJC_IMPLICIT_RETAIN_SELF = YES;
				CLANG_WARN_OBJC_LITERAL_CONVERSION = YES;
				CLANG_WARN_OBJC_ROOT_CLASS = YES_ERROR;
				CLANG_WARN_QUOTED_INCLUDE_IN_FRAMEWORK_HEADER = YES;
				CLANG_WARN_RANGE_LOOP_ANALYSIS = YES;
				CLANG_WARN_STRICT_PROTOTYPES = YES;
				CLANG_WARN_SUSPICIOUS_MOVE = YES;
				CLANG_WARN_UNGUARDED_AVAILABILITY = YES_AGGRESSIVE;
				CLANG_WARN_UNREACHABLE_CODE = YES;
				CLANG_WARN__DUPLICATE_METHOD_MATCH = YES;
				COPY_PHASE_STRIP = NO;
				DEBUG_INFORMATION_FORMAT = "dwarf-with-dsym";
				ENABLE_NS_ASSERTIONS = NO;
				ENABLE_STRICT_OBJC_MSGSEND = YES;
				ENABLE_USER_SCRIPT_SANDBOXING = YES;
				GCC_C_LANGUAGE_STANDARD = gnu17;
				GCC_NO_COMMON_BLOCKS = YES;
				GCC_WARN_64_TO_32_BIT_CONVERSION = YES;
				GCC_WARN_ABOUT_RETURN_TYPE = YES_ERROR;
				GCC_WARN_UNDECLARED_SELECTOR = YES;
				GCC_WARN_UNINITIALIZED_AUTOS = YES_AGGRESSIVE;
				GCC_WARN_UNUSED_FUNCTION = YES;
				GCC_WARN_UNUSED_VARIABLE = YES;
				IPHONEOS_DEPLOYMENT_TARGET = 17.5;
				LOCALIZATION_PREFERS_STRING_CATALOGS = YES;
				MTL_ENABLE_DEBUG_INFO = NO;
				MTL_FAST_MATH = YES;
				SDKROOT = iphoneos;
				SWIFT_COMPILATION_MODE = wholemodule;
				VALIDATE_PRODUCT = YES;
			};
			name = Release;
		};
		9146D9C92D4203EF00009FE9 /* Debug */ = {
			isa = XCBuildConfiguration;
			buildSettings = {
				ASSETCATALOG_COMPILER_APPICON_NAME = AppIcon;
				ASSETCATALOG_COMPILER_GLOBAL_ACCENT_COLOR_NAME = AccentColor;
				CODE_SIGN_STYLE = Automatic;
				CURRENT_PROJECT_VERSION = 1;
				DEVELOPMENT_ASSET_PATHS = "\"CueTimer/Preview Content\"";
				DEVELOPMENT_TEAM = 88PZ2LQ855;
				ENABLE_PREVIEWS = YES;
				GENERATE_INFOPLIST_FILE = YES;
				INFOPLIST_KEY_UIApplicationSceneManifest_Generation = YES;
				INFOPLIST_KEY_UIApplicationSupportsIndirectInputEvents = YES;
				INFOPLIST_KEY_UILaunchScreen_Generation = YES;
				INFOPLIST_KEY_UISupportedInterfaceOrientations = UIInterfaceOrientationPortrait;
				LD_RUNPATH_SEARCH_PATHS = (
					"$(inherited)",
					"@executable_path/Frameworks",
				);
				MARKETING_VERSION = 1.0;
				PRODUCT_BUNDLE_IDENTIFIER = com.ellajvg.CueTimer;
				PRODUCT_NAME = "$(TARGET_NAME)";
				SWIFT_EMIT_LOC_STRINGS = YES;
				SWIFT_VERSION = 5.0;
				TARGETED_DEVICE_FAMILY = "1,2";
			};
			name = Debug;
		};
		9146D9CA2D4203EF00009FE9 /* Release */ = {
			isa = XCBuildConfiguration;
			buildSettings = {
				ASSETCATALOG_COMPILER_APPICON_NAME = AppIcon;
				ASSETCATALOG_COMPILER_GLOBAL_ACCENT_COLOR_NAME = AccentColor;
				CODE_SIGN_STYLE = Automatic;
				CURRENT_PROJECT_VERSION = 1;
				DEVELOPMENT_ASSET_PATHS = "\"CueTimer/Preview Content\"";
				DEVELOPMENT_TEAM = 88PZ2LQ855;
				ENABLE_PREVIEWS = YES;
				GENERATE_INFOPLIST_FILE = YES;
				INFOPLIST_KEY_UIApplicationSceneManifest_Generation = YES;
				INFOPLIST_KEY_UIApplicationSupportsIndirectInputEvents = YES;
				INFOPLIST_KEY_UILaunchScreen_Generation = YES;
				INFOPLIST_KEY_UISupportedInterfaceOrientations = UIInterfaceOrientationPortrait;
				LD_RUNPATH_SEARCH_PATHS = (
					"$(inherited)",
					"@executable_path/Frameworks",
				);
				MARKETING_VERSION = 1.0;
				PRODUCT_BUNDLE_IDENTIFIER = com.ellajvg.CueTimer;
				PRODUCT_NAME = "$(TARGET_NAME)";
				SWIFT_EMIT_LOC_STRINGS = YES;
				SWIFT_VERSION = 5.0;
				TARGETED_DEVICE_FAMILY = "1,2";
			};
			name = Release;
		};
/* End XCBuildConfiguration section */

/* Begin XCConfigurationList section */
		9146D9B52D4203ED00009FE9 /* Build configuration list for PBXProject "CueTimer" */ = {
			isa = XCConfigurationList;
			buildConfigurations = (
				9146D9C62D4203EF00009FE9 /* Debug */,
				9146D9C72D4203EF00009FE9 /* Release */,
			);
			defaultConfigurationIsVisible = 0;
			defaultConfigurationName = Release;
		};
		9146D9C82D4203EF00009FE9 /* Build configuration list for PBXNativeTarget "CueTimer" */ = {
			isa = XCConfigurationList;
			buildConfigurations = (
				9146D9C92D4203EF00009FE9 /* Debug */,
				9146D9CA2D4203EF00009FE9 /* Release */,
			);
			defaultConfigurationIsVisible = 0;
			defaultConfigurationName = Release;
		};
/* End XCConfigurationList section */
	};
	rootObject = 9146D9B22D4203ED00009FE9 /* Project object */;
}
