// !$*UTF8*$!
{
	archiveVersion = 1;
	classes = {
	};
	objectVersion = 56;
	objects = {

/* Begin PBXBuildFile section */
		91052DED2D716C51005E19B1 /* FirebaseAnalytics in Frameworks */ = {isa = PBXBuildFile; productRef = 91052DEC2D716C51005E19B1 /* FirebaseAnalytics */; };
		91052DEF2D716C51005E19B1 /* FirebaseAuth in Frameworks */ = {isa = PBXBuildFile; productRef = 91052DEE2D716C51005E19B1 /* FirebaseAuth */; };
		9108BD322DA605F900A870CB /* SoundManager.swift in Sources */ = {isa = PBXBuildFile; fileRef = 9108BD312DA605F900A870CB /* SoundManager.swift */; };
		910DDDA92D966995003018D5 /* ContentView.swift in Sources */ = {isa = PBXBuildFile; fileRef = 910DDDA82D966995003018D5 /* ContentView.swift */; };
		912C81412D951A9D00A69FAE /* SavedView.swift in Sources */ = {isa = PBXBuildFile; fileRef = 912C81402D951A9D00A69FAE /* SavedView.swift */; };
		913275572DA6DC720074737B /* WorkoutManager.swift in Sources */ = {isa = PBXBuildFile; fileRef = 913275562DA6DC720074737B /* WorkoutManager.swift */; };
		9138DF542D95C099009D61AE /* SaveWorkoutView.swift in Sources */ = {isa = PBXBuildFile; fileRef = 9138DF532D95C099009D61AE /* SaveWorkoutView.swift */; };
		9146D9BE2D4203ED00009FE9 /* CueTimerApp.swift in Sources */ = {isa = PBXBuildFile; fileRef = 9146D9BD2D4203ED00009FE9 /* CueTimerApp.swift */; };
		9146D9C22D4203EF00009FE9 /* Assets.xcassets in Resources */ = {isa = PBXBuildFile; fileRef = 9146D9C12D4203EF00009FE9 /* Assets.xcassets */; };
		9146D9C52D4203EF00009FE9 /* Preview Assets.xcassets in Resources */ = {isa = PBXBuildFile; fileRef = 9146D9C42D4203EF00009FE9 /* Preview Assets.xcassets */; };
		9146D9E62D42CC0500009FE9 /* BoxStyle.swift in Sources */ = {isa = PBXBuildFile; fileRef = 9146D9E52D42CC0500009FE9 /* BoxStyle.swift */; };
		9146D9EA2D4406E300009FE9 /* HomepageView.swift in Sources */ = {isa = PBXBuildFile; fileRef = 9146D9E92D4406E300009FE9 /* HomepageView.swift */; };
		9146D9EC2D482B0200009FE9 /* CueEntryView.swift in Sources */ = {isa = PBXBuildFile; fileRef = 9146D9EB2D482B0100009FE9 /* CueEntryView.swift */; };
		9146D9EE2D482B1E00009FE9 /* TimerEntryView.swift in Sources */ = {isa = PBXBuildFile; fileRef = 9146D9ED2D482B1E00009FE9 /* TimerEntryView.swift */; };
		91583F462D8388CA00989EEB /* LogoAnimation.swift in Sources */ = {isa = PBXBuildFile; fileRef = 91583F452D8388CA00989EEB /* LogoAnimation.swift */; };
		91663B892D81D55B00F84545 /* SettingsView.swift in Sources */ = {isa = PBXBuildFile; fileRef = 91663B882D81D55B00F84545 /* SettingsView.swift */; };
		91663B8B2D82033400F84545 /* TimerInfoView.swift in Sources */ = {isa = PBXBuildFile; fileRef = 91663B8A2D82033400F84545 /* TimerInfoView.swift */; };
		91663B8D2D82035100F84545 /* CueInfoView.swift in Sources */ = {isa = PBXBuildFile; fileRef = 91663B8C2D82035100F84545 /* CueInfoView.swift */; };
		91663B912D8243E200F84545 /* GrowingButtonStyle.swift in Sources */ = {isa = PBXBuildFile; fileRef = 91663B902D8243E200F84545 /* GrowingButtonStyle.swift */; };
		916719792D7289AE0030916E /* LoginView.swift in Sources */ = {isa = PBXBuildFile; fileRef = 916719782D7289AE0030916E /* LoginView.swift */; };
		917D0F522D827B4D004D32EE /* GoogleService-Info.plist in Resources */ = {isa = PBXBuildFile; fileRef = 917D0F512D827B4D004D32EE /* GoogleService-Info.plist */; };
		9180C50A2D8D2937008321EE /* AuthFieldsView.swift in Sources */ = {isa = PBXBuildFile; fileRef = 9180C5092D8D2937008321EE /* AuthFieldsView.swift */; };
		918188312D826C350015231E /* ThemeManager.swift in Sources */ = {isa = PBXBuildFile; fileRef = 918188302D826C350015231E /* ThemeManager.swift */; };
		918188332D826E7E0015231E /* FirebaseFirestore in Frameworks */ = {isa = PBXBuildFile; productRef = 918188322D826E7E0015231E /* FirebaseFirestore */; };
		91853D892D4D7E4400E619D3 /* CueWorkoutView.swift in Sources */ = {isa = PBXBuildFile; fileRef = 91853D882D4D7E4400E619D3 /* CueWorkoutView.swift */; };
		91853D8B2D4D7E6C00E619D3 /* CueTimerView.swift in Sources */ = {isa = PBXBuildFile; fileRef = 91853D8A2D4D7E6C00E619D3 /* CueTimerView.swift */; };
		918DDE942D9B688200953377 /* ChangeNameView.swift in Sources */ = {isa = PBXBuildFile; fileRef = 918DDE932D9B688200953377 /* ChangeNameView.swift */; };
		918DDE962D9C909100953377 /* ResetPasswordView.swift in Sources */ = {isa = PBXBuildFile; fileRef = 918DDE952D9C909000953377 /* ResetPasswordView.swift */; };
		919782882D80862E00E5AFB9 /* DataManager.swift in Sources */ = {isa = PBXBuildFile; fileRef = 919782872D80862E00E5AFB9 /* DataManager.swift */; };
		9197828E2D80ED1100E5AFB9 /* AuthManager.swift in Sources */ = {isa = PBXBuildFile; fileRef = 9197828D2D80ED1100E5AFB9 /* AuthManager.swift */; };
		91E6B16A2D8D1482002866BB /* ChangeEmailView.swift in Sources */ = {isa = PBXBuildFile; fileRef = 91E6B1692D8D1482002866BB /* ChangeEmailView.swift */; };
		91E6B16C2D8D1493002866BB /* ChangePasswordView.swift in Sources */ = {isa = PBXBuildFile; fileRef = 91E6B16B2D8D1493002866BB /* ChangePasswordView.swift */; };
		91E6B16E2D8D14A2002866BB /* DeleteAccountView.swift in Sources */ = {isa = PBXBuildFile; fileRef = 91E6B16D2D8D14A2002866BB /* DeleteAccountView.swift */; };
		91EDEA6F2D928B8A00A250DF /* AccountView.swift in Sources */ = {isa = PBXBuildFile; fileRef = 91EDEA6E2D928B8A00A250DF /* AccountView.swift */; };
/* End PBXBuildFile section */

/* Begin PBXFileReference section */
		9108BD312DA605F900A870CB /* SoundManager.swift */ = {isa = PBXFileReference; lastKnownFileType = sourcecode.swift; path = SoundManager.swift; sourceTree = "<group>"; };
		910DDDA82D966995003018D5 /* ContentView.swift */ = {isa = PBXFileReference; lastKnownFileType = sourcecode.swift; path = ContentView.swift; sourceTree = "<group>"; };
		912C81402D951A9D00A69FAE /* SavedView.swift */ = {isa = PBXFileReference; lastKnownFileType = sourcecode.swift; path = SavedView.swift; sourceTree = "<group>"; };
		913275562DA6DC720074737B /* WorkoutManager.swift */ = {isa = PBXFileReference; lastKnownFileType = sourcecode.swift; path = WorkoutManager.swift; sourceTree = "<group>"; };
		9138DF532D95C099009D61AE /* SaveWorkoutView.swift */ = {isa = PBXFileReference; lastKnownFileType = sourcecode.swift; path = SaveWorkoutView.swift; sourceTree = "<group>"; };
		9146D9BA2D4203ED00009FE9 /* CueTimer.app */ = {isa = PBXFileReference; explicitFileType = wrapper.application; includeInIndex = 0; path = CueTimer.app; sourceTree = BUILT_PRODUCTS_DIR; };
		9146D9BD2D4203ED00009FE9 /* CueTimerApp.swift */ = {isa = PBXFileReference; lastKnownFileType = sourcecode.swift; path = CueTimerApp.swift; sourceTree = "<group>"; };
		9146D9C12D4203EF00009FE9 /* Assets.xcassets */ = {isa = PBXFileReference; lastKnownFileType = folder.assetcatalog; path = Assets.xcassets; sourceTree = "<group>"; };
		9146D9C42D4203EF00009FE9 /* Preview Assets.xcassets */ = {isa = PBXFileReference; lastKnownFileType = folder.assetcatalog; path = "Preview Assets.xcassets"; sourceTree = "<group>"; };
		9146D9E52D42CC0500009FE9 /* BoxStyle.swift */ = {isa = PBXFileReference; lastKnownFileType = sourcecode.swift; path = BoxStyle.swift; sourceTree = "<group>"; };
		9146D9E92D4406E300009FE9 /* HomepageView.swift */ = {isa = PBXFileReference; lastKnownFileType = sourcecode.swift; path = HomepageView.swift; sourceTree = "<group>"; };
		9146D9EB2D482B0100009FE9 /* CueEntryView.swift */ = {isa = PBXFileReference; lastKnownFileType = sourcecode.swift; path = CueEntryView.swift; sourceTree = "<group>"; };
		9146D9ED2D482B1E00009FE9 /* TimerEntryView.swift */ = {isa = PBXFileReference; lastKnownFileType = sourcecode.swift; path = TimerEntryView.swift; sourceTree = "<group>"; };
		91583F452D8388CA00989EEB /* LogoAnimation.swift */ = {isa = PBXFileReference; lastKnownFileType = sourcecode.swift; path = LogoAnimation.swift; sourceTree = "<group>"; };
		91663B882D81D55B00F84545 /* SettingsView.swift */ = {isa = PBXFileReference; lastKnownFileType = sourcecode.swift; path = SettingsView.swift; sourceTree = "<group>"; };
		91663B8A2D82033400F84545 /* TimerInfoView.swift */ = {isa = PBXFileReference; lastKnownFileType = sourcecode.swift; path = TimerInfoView.swift; sourceTree = "<group>"; };
		91663B8C2D82035100F84545 /* CueInfoView.swift */ = {isa = PBXFileReference; lastKnownFileType = sourcecode.swift; path = CueInfoView.swift; sourceTree = "<group>"; };
		91663B902D8243E200F84545 /* GrowingButtonStyle.swift */ = {isa = PBXFileReference; lastKnownFileType = sourcecode.swift; path = GrowingButtonStyle.swift; sourceTree = "<group>"; };
		916719782D7289AE0030916E /* LoginView.swift */ = {isa = PBXFileReference; lastKnownFileType = sourcecode.swift; path = LoginView.swift; sourceTree = "<group>"; };
		917D0F512D827B4D004D32EE /* GoogleService-Info.plist */ = {isa = PBXFileReference; fileEncoding = 4; lastKnownFileType = text.plist.xml; name = "GoogleService-Info.plist"; path = "../../../Downloads/GoogleService-Info.plist"; sourceTree = "<group>"; };
		9180C5092D8D2937008321EE /* AuthFieldsView.swift */ = {isa = PBXFileReference; lastKnownFileType = sourcecode.swift; path = AuthFieldsView.swift; sourceTree = "<group>"; };
		918188302D826C350015231E /* ThemeManager.swift */ = {isa = PBXFileReference; lastKnownFileType = sourcecode.swift; path = ThemeManager.swift; sourceTree = "<group>"; };
		91853D882D4D7E4400E619D3 /* CueWorkoutView.swift */ = {isa = PBXFileReference; lastKnownFileType = sourcecode.swift; path = CueWorkoutView.swift; sourceTree = "<group>"; };
		91853D8A2D4D7E6C00E619D3 /* CueTimerView.swift */ = {isa = PBXFileReference; lastKnownFileType = sourcecode.swift; path = CueTimerView.swift; sourceTree = "<group>"; };
		918DDE932D9B688200953377 /* ChangeNameView.swift */ = {isa = PBXFileReference; lastKnownFileType = sourcecode.swift; path = ChangeNameView.swift; sourceTree = "<group>"; };
		918DDE952D9C909000953377 /* ResetPasswordView.swift */ = {isa = PBXFileReference; lastKnownFileType = sourcecode.swift; path = ResetPasswordView.swift; sourceTree = "<group>"; };
		919782872D80862E00E5AFB9 /* DataManager.swift */ = {isa = PBXFileReference; lastKnownFileType = sourcecode.swift; path = DataManager.swift; sourceTree = "<group>"; };
		9197828D2D80ED1100E5AFB9 /* AuthManager.swift */ = {isa = PBXFileReference; lastKnownFileType = sourcecode.swift; path = AuthManager.swift; sourceTree = "<group>"; };
		91E6B1692D8D1482002866BB /* ChangeEmailView.swift */ = {isa = PBXFileReference; lastKnownFileType = sourcecode.swift; path = ChangeEmailView.swift; sourceTree = "<group>"; };
		91E6B16B2D8D1493002866BB /* ChangePasswordView.swift */ = {isa = PBXFileReference; lastKnownFileType = sourcecode.swift; path = ChangePasswordView.swift; sourceTree = "<group>"; };
		91E6B16D2D8D14A2002866BB /* DeleteAccountView.swift */ = {isa = PBXFileReference; lastKnownFileType = sourcecode.swift; path = DeleteAccountView.swift; sourceTree = "<group>"; };
		91EDEA6E2D928B8A00A250DF /* AccountView.swift */ = {isa = PBXFileReference; lastKnownFileType = sourcecode.swift; path = AccountView.swift; sourceTree = "<group>"; };
/* End PBXFileReference section */

/* Begin PBXFrameworksBuildPhase section */
		9146D9B72D4203ED00009FE9 /* Frameworks */ = {
			isa = PBXFrameworksBuildPhase;
			buildActionMask = 2147483647;
			files = (
				91052DED2D716C51005E19B1 /* FirebaseAnalytics in Frameworks */,
				91052DEF2D716C51005E19B1 /* FirebaseAuth in Frameworks */,
				918188332D826E7E0015231E /* FirebaseFirestore in Frameworks */,
			);
			runOnlyForDeploymentPostprocessing = 0;
		};
/* End PBXFrameworksBuildPhase section */

/* Begin PBXGroup section */
		9146D9B12D4203ED00009FE9 = {
			isa = PBXGroup;
			children = (
				9146D9BC2D4203ED00009FE9 /* CueTimer */,
				9146D9BB2D4203ED00009FE9 /* Products */,
			);
			sourceTree = "<group>";
		};
		9146D9BB2D4203ED00009FE9 /* Products */ = {
			isa = PBXGroup;
			children = (
				9146D9BA2D4203ED00009FE9 /* CueTimer.app */,
			);
			name = Products;
			sourceTree = "<group>";
		};
		9146D9BC2D4203ED00009FE9 /* CueTimer */ = {
			isa = PBXGroup;
			children = (
				9146D9BD2D4203ED00009FE9 /* CueTimerApp.swift */,
				910DDDA82D966995003018D5 /* ContentView.swift */,
				916719782D7289AE0030916E /* LoginView.swift */,
				918DDE952D9C909000953377 /* ResetPasswordView.swift */,
				9146D9E92D4406E300009FE9 /* HomepageView.swift */,
				91EDEA6E2D928B8A00A250DF /* AccountView.swift */,
				912C81402D951A9D00A69FAE /* SavedView.swift */,
				91663B882D81D55B00F84545 /* SettingsView.swift */,
				91E6B1692D8D1482002866BB /* ChangeEmailView.swift */,
				91E6B16B2D8D1493002866BB /* ChangePasswordView.swift */,
				91E6B16D2D8D14A2002866BB /* DeleteAccountView.swift */,
				9180C5092D8D2937008321EE /* AuthFieldsView.swift */,
				9146D9EB2D482B0100009FE9 /* CueEntryView.swift */,
				91663B8C2D82035100F84545 /* CueInfoView.swift */,
				9146D9ED2D482B1E00009FE9 /* TimerEntryView.swift */,
				91663B8A2D82033400F84545 /* TimerInfoView.swift */,
				9138DF532D95C099009D61AE /* SaveWorkoutView.swift */,
				918DDE932D9B688200953377 /* ChangeNameView.swift */,
				91853D882D4D7E4400E619D3 /* CueWorkoutView.swift */,
				91853D8A2D4D7E6C00E619D3 /* CueTimerView.swift */,
				913275562DA6DC720074737B /* WorkoutManager.swift */,
				919782872D80862E00E5AFB9 /* DataManager.swift */,
				9197828D2D80ED1100E5AFB9 /* AuthManager.swift */,
				918188302D826C350015231E /* ThemeManager.swift */,
				9108BD312DA605F900A870CB /* SoundManager.swift */,
				9146D9E52D42CC0500009FE9 /* BoxStyle.swift */,
				91663B902D8243E200F84545 /* GrowingButtonStyle.swift */,
				91583F452D8388CA00989EEB /* LogoAnimation.swift */,
				9146D9C12D4203EF00009FE9 /* Assets.xcassets */,
				917D0F512D827B4D004D32EE /* GoogleService-Info.plist */,
				9146D9C32D4203EF00009FE9 /* Preview Content */,
			);
			path = CueTimer;
			sourceTree = "<group>";
		};
		9146D9C32D4203EF00009FE9 /* Preview Content */ = {
			isa = PBXGroup;
			children = (
				9146D9C42D4203EF00009FE9 /* Preview Assets.xcassets */,
			);
			path = "Preview Content";
			sourceTree = "<group>";
		};
/* End PBXGroup section */

/* Begin PBXNativeTarget section */
		9146D9B92D4203ED00009FE9 /* CueTimer */ = {
			isa = PBXNativeTarget;
			buildConfigurationList = 9146D9C82D4203EF00009FE9 /* Build configuration list for PBXNativeTarget "CueTimer" */;
			buildPhases = (
				9146D9B62D4203ED00009FE9 /* Sources */,
				9146D9B72D4203ED00009FE9 /* Frameworks */,
				9146D9B82D4203ED00009FE9 /* Resources */,
			);
			buildRules = (
			);
			dependencies = (
			);
			name = CueTimer;
			packageProductDependencies = (
				91052DEC2D716C51005E19B1 /* FirebaseAnalytics */,
				91052DEE2D716C51005E19B1 /* FirebaseAuth */,
				918188322D826E7E0015231E /* FirebaseFirestore */,
			);
			productName = CueTimer;
			productReference = 9146D9BA2D4203ED00009FE9 /* CueTimer.app */;
			productType = "com.apple.product-type.application";
		};
/* End PBXNativeTarget section */

/* Begin PBXProject section */
		9146D9B22D4203ED00009FE9 /* Project object */ = {
			isa = PBXProject;
			attributes = {
				BuildIndependentTargetsInParallel = 1;
				LastSwiftUpdateCheck = 1540;
				LastUpgradeCheck = 1540;
				TargetAttributes = {
					9146D9B92D4203ED00009FE9 = {
						CreatedOnToolsVersion = 15.4;
					};
				};
			};
			buildConfigurationList = 9146D9B52D4203ED00009FE9 /* Build configuration list for PBXProject "CueTimer" */;
			compatibilityVersion = "Xcode 14.0";
			developmentRegion = en;
			hasScannedForEncodings = 0;
			knownRegions = (
				en,
				Base,
			);
			mainGroup = 9146D9B12D4203ED00009FE9;
			packageReferences = (
				91052DEB2D716C50005E19B1 /* XCRemoteSwiftPackageReference "firebase-ios-sdk" */,
			);
			productRefGroup = 9146D9BB2D4203ED00009FE9 /* Products */;
			projectDirPath = "";
			projectRoot = "";
			targets = (
				9146D9B92D4203ED00009FE9 /* CueTimer */,
			);
		};
/* End PBXProject section */

/* Begin PBXResourcesBuildPhase section */
		9146D9B82D4203ED00009FE9 /* Resources */ = {
			isa = PBXResourcesBuildPhase;
			buildActionMask = 2147483647;
			files = (
				9146D9C52D4203EF00009FE9 /* Preview Assets.xcassets in Resources */,
				9146D9C22D4203EF00009FE9 /* Assets.xcassets in Resources */,
				917D0F522D827B4D004D32EE /* GoogleService-Info.plist in Resources */,
			);
			runOnlyForDeploymentPostprocessing = 0;
		};
/* End PBXResourcesBuildPhase section */

/* Begin PBXSourcesBuildPhase section */
		9146D9B62D4203ED00009FE9 /* Sources */ = {
			isa = PBXSourcesBuildPhase;
			buildActionMask = 2147483647;
			files = (
				9146D9EC2D482B0200009FE9 /* CueEntryView.swift in Sources */,
				918DDE942D9B688200953377 /* ChangeNameView.swift in Sources */,
				91663B912D8243E200F84545 /* GrowingButtonStyle.swift in Sources */,
				91E6B16A2D8D1482002866BB /* ChangeEmailView.swift in Sources */,
				91EDEA6F2D928B8A00A250DF /* AccountView.swift in Sources */,
				91E6B16E2D8D14A2002866BB /* DeleteAccountView.swift in Sources */,
				91663B8B2D82033400F84545 /* TimerInfoView.swift in Sources */,
				91853D892D4D7E4400E619D3 /* CueWorkoutView.swift in Sources */,
				91663B892D81D55B00F84545 /* SettingsView.swift in Sources */,
				91583F462D8388CA00989EEB /* LogoAnimation.swift in Sources */,
				919782882D80862E00E5AFB9 /* DataManager.swift in Sources */,
				9197828E2D80ED1100E5AFB9 /* AuthManager.swift in Sources */,
				9146D9EE2D482B1E00009FE9 /* TimerEntryView.swift in Sources */,
				9146D9E62D42CC0500009FE9 /* BoxStyle.swift in Sources */,
				9138DF542D95C099009D61AE /* SaveWorkoutView.swift in Sources */,
				913275572DA6DC720074737B /* WorkoutManager.swift in Sources */,
				916719792D7289AE0030916E /* LoginView.swift in Sources */,
				91663B8D2D82035100F84545 /* CueInfoView.swift in Sources */,
				9108BD322DA605F900A870CB /* SoundManager.swift in Sources */,
				9180C50A2D8D2937008321EE /* AuthFieldsView.swift in Sources */,
				9146D9EA2D4406E300009FE9 /* HomepageView.swift in Sources */,
				91E6B16C2D8D1493002866BB /* ChangePasswordView.swift in Sources */,
				91853D8B2D4D7E6C00E619D3 /* CueTimerView.swift in Sources */,
				912C81412D951A9D00A69FAE /* SavedView.swift in Sources */,
				910DDDA92D966995003018D5 /* ContentView.swift in Sources */,
				918DDE962D9C909100953377 /* ResetPasswordView.swift in Sources */,
				9146D9BE2D4203ED00009FE9 /* CueTimerApp.swift in Sources */,
				918188312D826C350015231E /* ThemeManager.swift in Sources */,
			);
			runOnlyForDeploymentPostprocessing = 0;
		};
/* End PBXSourcesBuildPhase section */

/* Begin XCBuildConfiguration section */
		9146D9C62D4203EF00009FE9 /* Debug */ = {
			isa = XCBuildConfiguration;
			buildSettings = {
				ALWAYS_SEARCH_USER_PATHS = NO;
				ASSETCATALOG_COMPILER_GENERATE_SWIFT_ASSET_SYMBOL_EXTENSIONS = YES;
				CLANG_ANALYZER_NONNULL = YES;
				CLANG_ANALYZER_NUMBER_OBJECT_CONVERSION = YES_AGGRESSIVE;
				CLANG_CXX_LANGUAGE_STANDARD = "gnu++20";
				CLANG_ENABLE_MODULES = YES;
				CLANG_ENABLE_OBJC_ARC = YES;
				CLANG_ENABLE_OBJC_WEAK = YES;
				CLANG_WARN_BLOCK_CAPTURE_AUTORELEASING = YES;
				CLANG_WARN_BOOL_CONVERSION = YES;
				CLANG_WARN_COMMA = YES;
				CLANG_WARN_CONSTANT_CONVERSION = YES;
				CLANG_WARN_DEPRECATED_OBJC_IMPLEMENTATIONS = YES;
				CLANG_WARN_DIRECT_OBJC_ISA_USAGE = YES_ERROR;
				CLANG_WARN_DOCUMENTATION_COMMENTS = YES;
				CLANG_WARN_EMPTY_BODY = YES;
				CLANG_WARN_ENUM_CONVERSION = YES;
				CLANG_WARN_INFINITE_RECURSION = YES;
				CLANG_WARN_INT_CONVERSION = YES;
				CLANG_WARN_NON_LITERAL_NULL_CONVERSION = YES;
				CLANG_WARN_OBJC_IMPLICIT_RETAIN_SELF = YES;
				CLANG_WARN_OBJC_LITERAL_CONVERSION = YES;
				CLANG_WARN_OBJC_ROOT_CLASS = YES_ERROR;
				CLANG_WARN_QUOTED_INCLUDE_IN_FRAMEWORK_HEADER = YES;
				CLANG_WARN_RANGE_LOOP_ANALYSIS = YES;
				CLANG_WARN_STRICT_PROTOTYPES = YES;
				CLANG_WARN_SUSPICIOUS_MOVE = YES;
				CLANG_WARN_UNGUARDED_AVAILABILITY = YES_AGGRESSIVE;
				CLANG_WARN_UNREACHABLE_CODE = YES;
				CLANG_WARN__DUPLICATE_METHOD_MATCH = YES;
				COPY_PHASE_STRIP = NO;
				DEBUG_INFORMATION_FORMAT = dwarf;
				ENABLE_STRICT_OBJC_MSGSEND = YES;
				ENABLE_TESTABILITY = YES;
				ENABLE_USER_SCRIPT_SANDBOXING = YES;
				GCC_C_LANGUAGE_STANDARD = gnu17;
				GCC_DYNAMIC_NO_PIC = NO;
				GCC_NO_COMMON_BLOCKS = YES;
				GCC_OPTIMIZATION_LEVEL = 0;
				GCC_PREPROCESSOR_DEFINITIONS = (
					"DEBUG=1",
					"$(inherited)",
				);
				GCC_WARN_64_TO_32_BIT_CONVERSION = YES;
				GCC_WARN_ABOUT_RETURN_TYPE = YES_ERROR;
				GCC_WARN_UNDECLARED_SELECTOR = YES;
				GCC_WARN_UNINITIALIZED_AUTOS = YES_AGGRESSIVE;
				GCC_WARN_UNUSED_FUNCTION = YES;
				GCC_WARN_UNUSED_VARIABLE = YES;
				IPHONEOS_DEPLOYMENT_TARGET = 17.5;
				LOCALIZATION_PREFERS_STRING_CATALOGS = YES;
				MTL_ENABLE_DEBUG_INFO = INCLUDE_SOURCE;
				MTL_FAST_MATH = YES;
				ONLY_ACTIVE_ARCH = YES;
				SDKROOT = iphoneos;
				SWIFT_ACTIVE_COMPILATION_CONDITIONS = "DEBUG $(inherited)";
				SWIFT_OPTIMIZATION_LEVEL = "-Onone";
			};
			name = Debug;
		};
		9146D9C72D4203EF00009FE9 /* Release */ = {
			isa = XCBuildConfiguration;
			buildSettings = {
				ALWAYS_SEARCH_USER_PATHS = NO;
				ASSETCATALOG_COMPILER_GENERATE_SWIFT_ASSET_SYMBOL_EXTENSIONS = YES;
				CLANG_ANALYZER_NONNULL = YES;
				CLANG_ANALYZER_NUMBER_OBJECT_CONVERSION = YES_AGGRESSIVE;
				CLANG_CXX_LANGUAGE_STANDARD = "gnu++20";
				CLANG_ENABLE_MODULES = YES;
				CLANG_ENABLE_OBJC_ARC = YES;
				CLANG_ENABLE_OBJC_WEAK = YES;
				CLANG_WARN_BLOCK_CAPTURE_AUTORELEASING = YES;
				CLANG_WARN_BOOL_CONVERSION = YES;
				CLANG_WARN_COMMA = YES;
				CLANG_WARN_CONSTANT_CONVERSION = YES;
				CLANG_WARN_DEPRECATED_OBJC_IMPLEMENTATIONS = YES;
				CLANG_WARN_DIRECT_OBJC_ISA_USAGE = YES_ERROR;
				CLANG_WARN_DOCUMENTATION_COMMENTS = YES;
				CLANG_WARN_EMPTY_BODY = YES;
				CLANG_WARN_ENUM_CONVERSION = YES;
				CLANG_WARN_INFINITE_RECURSION = YES;
				CLANG_WARN_INT_CONVERSION = YES;
				CLANG_WARN_NON_LITERAL_NULL_CONVERSION = YES;
				CLANG_WARN_OBJC_IMPLICIT_RETAIN_SELF = YES;
				CLANG_WARN_OBJC_LITERAL_CONVERSION = YES;
				CLANG_WARN_OBJC_ROOT_CLASS = YES_ERROR;
				CLANG_WARN_QUOTED_INCLUDE_IN_FRAMEWORK_HEADER = YES;
				CLANG_WARN_RANGE_LOOP_ANALYSIS = YES;
				CLANG_WARN_STRICT_PROTOTYPES = YES;
				CLANG_WARN_SUSPICIOUS_MOVE = YES;
				CLANG_WARN_UNGUARDED_AVAILABILITY = YES_AGGRESSIVE;
				CLANG_WARN_UNREACHABLE_CODE = YES;
				CLANG_WARN__DUPLICATE_METHOD_MATCH = YES;
				COPY_PHASE_STRIP = NO;
				DEBUG_INFORMATION_FORMAT = "dwarf-with-dsym";
				ENABLE_NS_ASSERTIONS = NO;
				ENABLE_STRICT_OBJC_MSGSEND = YES;
				ENABLE_USER_SCRIPT_SANDBOXING = YES;
				GCC_C_LANGUAGE_STANDARD = gnu17;
				GCC_NO_COMMON_BLOCKS = YES;
				GCC_WARN_64_TO_32_BIT_CONVERSION = YES;
				GCC_WARN_ABOUT_RETURN_TYPE = YES_ERROR;
				GCC_WARN_UNDECLARED_SELECTOR = YES;
				GCC_WARN_UNINITIALIZED_AUTOS = YES_AGGRESSIVE;
				GCC_WARN_UNUSED_FUNCTION = YES;
				GCC_WARN_UNUSED_VARIABLE = YES;
				IPHONEOS_DEPLOYMENT_TARGET = 17.5;
				LOCALIZATION_PREFERS_STRING_CATALOGS = YES;
				MTL_ENABLE_DEBUG_INFO = NO;
				MTL_FAST_MATH = YES;
				ONLY_ACTIVE_ARCH = NO;
				SDKROOT = iphoneos;
				SWIFT_COMPILATION_MODE = wholemodule;
				VALIDATE_PRODUCT = YES;
			};
			name = Release;
		};
		9146D9C92D4203EF00009FE9 /* Debug */ = {
			isa = XCBuildConfiguration;
			buildSettings = {
				ASSETCATALOG_COMPILER_APPICON_NAME = AppIcon;
				ASSETCATALOG_COMPILER_GLOBAL_ACCENT_COLOR_NAME = AccentColor;
				CODE_SIGN_STYLE = Automatic;
				CURRENT_PROJECT_VERSION = 1;
				DEVELOPMENT_ASSET_PATHS = "\"CueTimer/Preview Content\"";
				DEVELOPMENT_TEAM = 88PZ2LQ855;
				ENABLE_PREVIEWS = YES;
				GENERATE_INFOPLIST_FILE = YES;
				INFOPLIST_KEY_UIApplicationSceneManifest_Generation = YES;
				INFOPLIST_KEY_UIApplicationSupportsIndirectInputEvents = YES;
				INFOPLIST_KEY_UILaunchScreen_Generation = YES;
				INFOPLIST_KEY_UISupportedInterfaceOrientations = UIInterfaceOrientationPortrait;
				LD_RUNPATH_SEARCH_PATHS = (
					"$(inherited)",
					"@executable_path/Frameworks",
				);
				MARKETING_VERSION = 1.0;
				PRODUCT_BUNDLE_IDENTIFIER = com.ellajvg.CueTimer;
				PRODUCT_NAME = "$(TARGET_NAME)";
				SUPPORTED_PLATFORMS = "iphoneos iphonesimulator";
				SUPPORTS_MACCATALYST = NO;
				SUPPORTS_MAC_DESIGNED_FOR_IPHONE_IPAD = NO;
				SUPPORTS_XR_DESIGNED_FOR_IPHONE_IPAD = NO;
				SWIFT_EMIT_LOC_STRINGS = YES;
				SWIFT_VERSION = 5.0;
				TARGETED_DEVICE_FAMILY = 1;
			};
			name = Debug;
		};
		9146D9CA2D4203EF00009FE9 /* Release */ = {
			isa = XCBuildConfiguration;
			buildSettings = {
				ASSETCATALOG_COMPILER_APPICON_NAME = AppIcon;
				ASSETCATALOG_COMPILER_GLOBAL_ACCENT_COLOR_NAME = AccentColor;
				CODE_SIGN_STYLE = Automatic;
				CURRENT_PROJECT_VERSION = 1;
				DEVELOPMENT_ASSET_PATHS = "\"CueTimer/Preview Content\"";
				DEVELOPMENT_TEAM = 88PZ2LQ855;
				ENABLE_PREVIEWS = YES;
				GENERATE_INFOPLIST_FILE = YES;
				INFOPLIST_KEY_UIApplicationSceneManifest_Generation = YES;
				INFOPLIST_KEY_UIApplicationSupportsIndirectInputEvents = YES;
				INFOPLIST_KEY_UILaunchScreen_Generation = YES;
				INFOPLIST_KEY_UISupportedInterfaceOrientations = UIInterfaceOrientationPortrait;
				LD_RUNPATH_SEARCH_PATHS = (
					"$(inherited)",
					"@executable_path/Frameworks",
				);
				MARKETING_VERSION = 1.0;
				PRODUCT_BUNDLE_IDENTIFIER = com.ellajvg.CueTimer;
				PRODUCT_NAME = "$(TARGET_NAME)";
				SUPPORTED_PLATFORMS = "iphoneos iphonesimulator";
				SUPPORTS_MACCATALYST = NO;
				SUPPORTS_MAC_DESIGNED_FOR_IPHONE_IPAD = NO;
				SUPPORTS_XR_DESIGNED_FOR_IPHONE_IPAD = NO;
				SWIFT_EMIT_LOC_STRINGS = YES;
				SWIFT_VERSION = 5.0;
				TARGETED_DEVICE_FAMILY = 1;
			};
			name = Release;
		};
/* End XCBuildConfiguration section */

/* Begin XCConfigurationList section */
		9146D9B52D4203ED00009FE9 /* Build configuration list for PBXProject "CueTimer" */ = {
			isa = XCConfigurationList;
			buildConfigurations = (
				9146D9C62D4203EF00009FE9 /* Debug */,
				9146D9C72D4203EF00009FE9 /* Release */,
			);
			defaultConfigurationIsVisible = 0;
			defaultConfigurationName = Release;
		};
		9146D9C82D4203EF00009FE9 /* Build configuration list for PBXNativeTarget "CueTimer" */ = {
			isa = XCConfigurationList;
			buildConfigurations = (
				9146D9C92D4203EF00009FE9 /* Debug */,
				9146D9CA2D4203EF00009FE9 /* Release */,
			);
			defaultConfigurationIsVisible = 0;
			defaultConfigurationName = Release;
		};
/* End XCConfigurationList section */

/* Begin XCRemoteSwiftPackageReference section */
		91052DEB2D716C50005E19B1 /* XCRemoteSwiftPackageReference "firebase-ios-sdk" */ = {
			isa = XCRemoteSwiftPackageReference;
			repositoryURL = "https://github.com/firebase/firebase-ios-sdk.git";
			requirement = {
				kind = upToNextMajorVersion;
				minimumVersion = 11.9.0;
			};
		};
/* End XCRemoteSwiftPackageReference section */

/* Begin XCSwiftPackageProductDependency section */
		91052DEC2D716C51005E19B1 /* FirebaseAnalytics */ = {
			isa = XCSwiftPackageProductDependency;
			package = 91052DEB2D716C50005E19B1 /* XCRemoteSwiftPackageReference "firebase-ios-sdk" */;
			productName = FirebaseAnalytics;
		};
		91052DEE2D716C51005E19B1 /* FirebaseAuth */ = {
			isa = XCSwiftPackageProductDependency;
			package = 91052DEB2D716C50005E19B1 /* XCRemoteSwiftPackageReference "firebase-ios-sdk" */;
			productName = FirebaseAuth;
		};
		918188322D826E7E0015231E /* FirebaseFirestore */ = {
			isa = XCSwiftPackageProductDependency;
			package = 91052DEB2D716C50005E19B1 /* XCRemoteSwiftPackageReference "firebase-ios-sdk" */;
			productName = FirebaseFirestore;
		};
/* End XCSwiftPackageProductDependency section */
	};
	rootObject = 9146D9B22D4203ED00009FE9 /* Project object */;
}
